
Microsoft Visual Studio Solution File, Format Version 12.00
# Visual Studio Version 16
VisualStudioVersion = 16.0.29728.190
MinimumVisualStudioVersion = 10.0.40219.1
Project("{FAE04EC0-301F-11D3-BF4B-00C04F79EFBC}") = "年假管理系统", "年假管理系统\年假管理系统.csproj", "{EB403967-412F-4BF9-99A0-61AA8EE8A396}"
EndProject
Global
	GlobalSection(SolutionConfigurationPlatforms) = preSolution
		Debug|Any CPU = Debug|Any CPU
		Release|Any CPU = Release|Any CPU
	EndGlobalSection
	GlobalSection(ProjectConfigurationPlatforms) = postSolution
		{EB403967-412F-4BF9-99A0-61AA8EE8A396}.Debug|Any CPU.ActiveCfg = Debug|Any CPU
		{EB403967-412F-4BF9-99A0-61AA8EE8A396}.Debug|Any CPU.Build.0 = Debug|Any CPU
		{EB403967-412F-4BF9-99A0-61AA8EE8A396}.Release|Any CPU.ActiveCfg = Release|Any CPU
		{EB403967-412F-4BF9-99A0-61AA8EE8A396}.Release|Any CPU.Build.0 = Release|Any CPU
	EndGlobalSection
	GlobalSection(SolutionProperties) = preSolution
		HideSolutionNode = FALSE
	EndGlobalSection
	GlobalSection(ExtensibilityGlobals) = postSolution
		SolutionGuid = {49EA45A4-7250-41F2-9925-56F5A275AE61}
	EndGlobalSection
EndGlobal
